
Microsoft Visual Studio Solution File, Format Version 12.00
# Visual Studio Version 17
VisualStudioVersion = 17.0.32112.339
MinimumVisualStudioVersion = 10.0.40219.1
Project("{2150E333-8FDC-42A3-9474-1A3956D46DE8}") = "CONSOLE", "CONSOLE", "{1CD69608-98B0-4166-985B-65F955B0A0F4}"
EndProject
Project("{2150E333-8FDC-42A3-9474-1A3956D46DE8}") = "WINFORM", "WINFORM", "{3DF8DA28-4B0E-4CB5-8D86-AC989E124A35}"
EndProject
Project("{FAE04EC0-301F-11D3-BF4B-00C04F79EFBC}") = "1-Console-WriteLine", "1-Console-WriteLine\1-Console-WriteLine.csproj", "{D820F705-3F36-45C5-B7EA-FEAEDB689742}"
EndProject
Project("{FAE04EC0-301F-11D3-BF4B-00C04F79EFBC}") = "2-Degiskenler-VeriTipleri", "2-Degiskenler-VeriTipleri\2-Degiskenler-VeriTipleri.csproj", "{BD76E8D9-4CEB-4E65-A441-1BADE6E147C9}"
EndProject
Project("{FAE04EC0-301F-11D3-BF4B-00C04F79EFBC}") = "3-Operatorler", "3-Operatorler\3-Operatorler.csproj", "{9C284A07-83DC-4FFA-B99F-F6F0D7FB2F31}"
EndProject
Project("{2150E333-8FDC-42A3-9474-1A3956D46DE8}") = "SAMPLES", "SAMPLES", "{4D18DB12-FC34-4A5F-906B-9458EBE5142A}"
EndProject
Project("{FAE04EC0-301F-11D3-BF4B-00C04F79EFBC}") = "BAKLAVA_DILIMI", "BAKLAVA_DILIMI\BAKLAVA_DILIMI.csproj", "{5C003068-44FB-420E-B2EC-664D3284AFE6}"
EndProject
Project("{FAE04EC0-301F-11D3-BF4B-00C04F79EFBC}") = "4-Tip-Donusumleri", "4-Tip-Donusumleri\4-Tip-Donusumleri.csproj", "{466EF0A9-28A3-4D9A-A2E0-3103EE81DE4B}"
EndProject
Project("{FAE04EC0-301F-11D3-BF4B-00C04F79EFBC}") = "5-Try-Catch-Exception", "5-Try-Catch-Exception\5-Try-Catch-Exception.csproj", "{48E4AA6E-30F7-4E8C-AB96-0446C239CFCF}"
EndProject
Project("{FAE04EC0-301F-11D3-BF4B-00C04F79EFBC}") = "6-If-ElseIf-Ternary-If", "6-If-ElseIf-Ternary-If\6-If-ElseIf-Ternary-If.csproj", "{31043428-F10A-4529-9CF7-532279D5B877}"
EndProject
Project("{FAE04EC0-301F-11D3-BF4B-00C04F79EFBC}") = "7-Switch-Case", "7-Switch-Case\7-Switch-Case.csproj", "{88E8F7B6-B3DE-47F4-8901-B4B48205CB47}"
EndProject
Project("{FAE04EC0-301F-11D3-BF4B-00C04F79EFBC}") = "8-For-Loop-Ve- Break-Continue-Ifadeleri", "8-For-Loop-Ve- Break-Continue-Ifadeleri\8-For-Loop-Ve- Break-Continue-Ifadeleri.csproj", "{458CE6DE-751D-43D8-987D-3A166264DDCB}"
EndProject
Project("{FAE04EC0-301F-11D3-BF4B-00C04F79EFBC}") = "9-While-Foreach", "9-While-Foreach\9-While-Foreach.csproj", "{8932084D-C0BD-4D30-B0DF-3EA584E9B071}"
EndProject
Project("{FAE04EC0-301F-11D3-BF4B-00C04F79EFBC}") = "10-Tanimlama-Erissim-Ve-Donguulerle-Dizi-Kullanimi", "10-Tanimlama-Erissim-Ve-Donguulerle-Dizi-Kullanimi\10-Tanimlama-Erissim-Ve-Donguulerle-Dizi-Kullanimi.csproj", "{BB87E091-C16F-4DFB-9BF3-B4556A8E4091}"
EndProject
Project("{FAE04EC0-301F-11D3-BF4B-00C04F79EFBC}") = "11-Array-Sınıfı-Methodları", "11-Array-Sınıfı-Methodları\11-Array-Sınıfı-Methodları.csproj", "{1544B2DB-3FB2-419D-B552-13AEF6BA23A9}"
EndProject
Project("{FAE04EC0-301F-11D3-BF4B-00C04F79EFBC}") = "12-Metotlar-Overloading", "12-Metotlar-Overloading\12-Metotlar-Overloading.csproj", "{C6A255CF-C2C5-4255-B3B6-1A4E173F4511}"
EndProject
Project("{FAE04EC0-301F-11D3-BF4B-00C04F79EFBC}") = "13-Recursive -ve-Extension-Metotlar", "12-Recursive -ve-Extension-Metotlar\13-Recursive -ve-Extension-Metotlar.csproj", "{09C19217-EDE4-4CB1-B484-567A2578C2FE}"
EndProject
Project("{FAE04EC0-301F-11D3-BF4B-00C04F79EFBC}") = "14-Datetime-Ve-Math-Siniflari", "14-Datetime-Ve-Math-Siniflari\14-Datetime-Ve-Math-Siniflari.csproj", "{0231D64E-047C-431C-A10B-16518BF75A75}"
EndProject
Project("{FAE04EC0-301F-11D3-BF4B-00C04F79EFBC}") = "15-Hazir-Metodlar-String", "15-Hazir-Metodlar-String\15-Hazir-Metodlar-String.csproj", "{C1DC35D7-F30F-4E33-9C48-74C1BEE9A227}"
EndProject
Project("{FAE04EC0-301F-11D3-BF4B-00C04F79EFBC}") = "16-Generic-Koleksiyonlar-Ve-List", "16-Generic-Koleksiyonlar-Ve-List\16-Generic-Koleksiyonlar-Ve-List.csproj", "{9A6A36F4-BEEE-4BBE-8B55-FA372C75544F}"
EndProject
Project("{2150E333-8FDC-42A3-9474-1A3956D46DE8}") = "OOP", "OOP", "{6D842C29-A14A-4394-B496-EC4EB172B52F}"
EndProject
Project("{2150E333-8FDC-42A3-9474-1A3956D46DE8}") = "Samples", "Samples", "{C2689524-EE1E-4A7D-9A40-7E6CB2799E4A}"
EndProject
Project("{FAE04EC0-301F-11D3-BF4B-00C04F79EFBC}") = "1-Animals", "1-Animals\1-Animals.csproj", "{EDC80897-9910-4435-BBFB-D0315504DC4A}"
EndProject
Project("{FAE04EC0-301F-11D3-BF4B-00C04F79EFBC}") = "2-Fly-Management-System", "2-Fly-Management-System\2-Fly-Management-System.csproj", "{A329B74A-F520-4DBB-B3E6-FD8E31A98311}"
EndProject
Project("{FAE04EC0-301F-11D3-BF4B-00C04F79EFBC}") = "3-Online-Film-Sistemi", "3-Online-Film-Sistemi\3-Online-Film-Sistemi.csproj", "{8EFB3954-348A-4E8C-B591-F9900C4E2BF9}"
EndProject
Project("{FAE04EC0-301F-11D3-BF4B-00C04F79EFBC}") = "4-Universite-Yonetim-Sistemi", "4-Universite-Yonetim-Sistemi\4-Universite-Yonetim-Sistemi.csproj", "{08FD29DB-B9AC-442F-9208-8E174594382B}"
EndProject
Project("{FAE04EC0-301F-11D3-BF4B-00C04F79EFBC}") = "17-Enum", "17-Enum\17-Enum.csproj", "{AD613F7C-F4E7-4D1F-946B-8F4F7C7E80BA}"
EndProject
Project("{FAE04EC0-301F-11D3-BF4B-00C04F79EFBC}") = "AlgoritmaSorulari", "AlgoritmaSorulari\AlgoritmaSorulari.csproj", "{F226C15B-CB41-4435-AB62-33C9AFDB3C7B}"
EndProject
Project("{FAE04EC0-301F-11D3-BF4B-00C04F79EFBC}") = "18-ArrayList", "18-ArrayList\18-ArrayList.csproj", "{338E4EA9-AC50-4CCB-B508-13504E3C6860}"
EndProject
Project("{FAE04EC0-301F-11D3-BF4B-00C04F79EFBC}") = "19-Metotlar", "19-Metotlar\19-Metotlar.csproj", "{89763E6D-4659-4D83-A424-1336CC01AE21}"
EndProject
Project("{FAE04EC0-301F-11D3-BF4B-00C04F79EFBC}") = "20-Sinif-Kavrami-Soz-Dizimi-Field-Metot-Tanimlama-Erisim-Belirliyiciler", "20-Sinif-Kavrami-Soz-Dizimi-Field-Metot-Tanimlama-Erisim-Belirliyiciler\20-Sinif-Kavrami-Soz-Dizimi-Field-Metot-Tanimlama-Erisim-Belirliyiciler.csproj", "{CD7023FA-F5A2-4C60-ABB3-F8708559FAE3}"
EndProject
Project("{FAE04EC0-301F-11D3-BF4B-00C04F79EFBC}") = "21-Sinif-Kavrami-Encapsulation-Ve-Property", "21-Sinif-Kavrami-Encapsulation-Ve-Property\21-Sinif-Kavrami-Encapsulation-Ve-Property.csproj", "{DD45806E-D7D0-467A-A3D9-3C84FDE39E2F}"
EndProject
Project("{FAE04EC0-301F-11D3-BF4B-00C04F79EFBC}") = "22-Static-Sinif-Ve-Uyeler", "22-Static-Sinif-Ve-Uyeler\22-Static-Sinif-Ve-Uyeler.csproj", "{EA73343E-0F33-4919-A72D-C48AF1932241}"
EndProject
Project("{FAE04EC0-301F-11D3-BF4B-00C04F79EFBC}") = "Telefon-Rehberi", "Telefon-Rehberi\Telefon-Rehberi.csproj", "{073ACABC-3F94-4D79-986A-00239D6AD63C}"
EndProject
Project("{FAE04EC0-301F-11D3-BF4B-00C04F79EFBC}") = "To-Do-Uygulamasi", "To-Do-Uygulamasi\To-Do-Uygulamasi.csproj", "{74365D7C-8A00-43CF-B83C-7BE75E49FE54}"
EndProject
Project("{FAE04EC0-301F-11D3-BF4B-00C04F79EFBC}") = "Asansor-Simulasyonu", "Asansor-Simulasyonu\Asansor-Simulasyonu.csproj", "{07DBF868-CE2C-4D0F-B7DA-2B2403697060}"
EndProject
Global
	GlobalSection(SolutionConfigurationPlatforms) = preSolution
		Debug|Any CPU = Debug|Any CPU
		Release|Any CPU = Release|Any CPU
	EndGlobalSection
	GlobalSection(ProjectConfigurationPlatforms) = postSolution
		{D820F705-3F36-45C5-B7EA-FEAEDB689742}.Debug|Any CPU.ActiveCfg = Debug|Any CPU
		{D820F705-3F36-45C5-B7EA-FEAEDB689742}.Debug|Any CPU.Build.0 = Debug|Any CPU
		{D820F705-3F36-45C5-B7EA-FEAEDB689742}.Release|Any CPU.ActiveCfg = Release|Any CPU
		{D820F705-3F36-45C5-B7EA-FEAEDB689742}.Release|Any CPU.Build.0 = Release|Any CPU
		{BD76E8D9-4CEB-4E65-A441-1BADE6E147C9}.Debug|Any CPU.ActiveCfg = Debug|Any CPU
		{BD76E8D9-4CEB-4E65-A441-1BADE6E147C9}.Debug|Any CPU.Build.0 = Debug|Any CPU
		{BD76E8D9-4CEB-4E65-A441-1BADE6E147C9}.Release|Any CPU.ActiveCfg = Release|Any CPU
		{BD76E8D9-4CEB-4E65-A441-1BADE6E147C9}.Release|Any CPU.Build.0 = Release|Any CPU
		{9C284A07-83DC-4FFA-B99F-F6F0D7FB2F31}.Debug|Any CPU.ActiveCfg = Debug|Any CPU
		{9C284A07-83DC-4FFA-B99F-F6F0D7FB2F31}.Debug|Any CPU.Build.0 = Debug|Any CPU
		{9C284A07-83DC-4FFA-B99F-F6F0D7FB2F31}.Release|Any CPU.ActiveCfg = Release|Any CPU
		{9C284A07-83DC-4FFA-B99F-F6F0D7FB2F31}.Release|Any CPU.Build.0 = Release|Any CPU
		{5C003068-44FB-420E-B2EC-664D3284AFE6}.Debug|Any CPU.ActiveCfg = Debug|Any CPU
		{5C003068-44FB-420E-B2EC-664D3284AFE6}.Debug|Any CPU.Build.0 = Debug|Any CPU
		{5C003068-44FB-420E-B2EC-664D3284AFE6}.Release|Any CPU.ActiveCfg = Release|Any CPU
		{5C003068-44FB-420E-B2EC-664D3284AFE6}.Release|Any CPU.Build.0 = Release|Any CPU
		{466EF0A9-28A3-4D9A-A2E0-3103EE81DE4B}.Debug|Any CPU.ActiveCfg = Debug|Any CPU
		{466EF0A9-28A3-4D9A-A2E0-3103EE81DE4B}.Debug|Any CPU.Build.0 = Debug|Any CPU
		{466EF0A9-28A3-4D9A-A2E0-3103EE81DE4B}.Release|Any CPU.ActiveCfg = Release|Any CPU
		{466EF0A9-28A3-4D9A-A2E0-3103EE81DE4B}.Release|Any CPU.Build.0 = Release|Any CPU
		{48E4AA6E-30F7-4E8C-AB96-0446C239CFCF}.Debug|Any CPU.ActiveCfg = Debug|Any CPU
		{48E4AA6E-30F7-4E8C-AB96-0446C239CFCF}.Debug|Any CPU.Build.0 = Debug|Any CPU
		{48E4AA6E-30F7-4E8C-AB96-0446C239CFCF}.Release|Any CPU.ActiveCfg = Release|Any CPU
		{48E4AA6E-30F7-4E8C-AB96-0446C239CFCF}.Release|Any CPU.Build.0 = Release|Any CPU
		{31043428-F10A-4529-9CF7-532279D5B877}.Debug|Any CPU.ActiveCfg = Debug|Any CPU
		{31043428-F10A-4529-9CF7-532279D5B877}.Debug|Any CPU.Build.0 = Debug|Any CPU
		{31043428-F10A-4529-9CF7-532279D5B877}.Release|Any CPU.ActiveCfg = Release|Any CPU
		{31043428-F10A-4529-9CF7-532279D5B877}.Release|Any CPU.Build.0 = Release|Any CPU
		{88E8F7B6-B3DE-47F4-8901-B4B48205CB47}.Debug|Any CPU.ActiveCfg = Debug|Any CPU
		{88E8F7B6-B3DE-47F4-8901-B4B48205CB47}.Debug|Any CPU.Build.0 = Debug|Any CPU
		{88E8F7B6-B3DE-47F4-8901-B4B48205CB47}.Release|Any CPU.ActiveCfg = Release|Any CPU
		{88E8F7B6-B3DE-47F4-8901-B4B48205CB47}.Release|Any CPU.Build.0 = Release|Any CPU
		{458CE6DE-751D-43D8-987D-3A166264DDCB}.Debug|Any CPU.ActiveCfg = Debug|Any CPU
		{458CE6DE-751D-43D8-987D-3A166264DDCB}.Debug|Any CPU.Build.0 = Debug|Any CPU
		{458CE6DE-751D-43D8-987D-3A166264DDCB}.Release|Any CPU.ActiveCfg = Release|Any CPU
		{458CE6DE-751D-43D8-987D-3A166264DDCB}.Release|Any CPU.Build.0 = Release|Any CPU
		{8932084D-C0BD-4D30-B0DF-3EA584E9B071}.Debug|Any CPU.ActiveCfg = Debug|Any CPU
		{8932084D-C0BD-4D30-B0DF-3EA584E9B071}.Debug|Any CPU.Build.0 = Debug|Any CPU
		{8932084D-C0BD-4D30-B0DF-3EA584E9B071}.Release|Any CPU.ActiveCfg = Release|Any CPU
		{8932084D-C0BD-4D30-B0DF-3EA584E9B071}.Release|Any CPU.Build.0 = Release|Any CPU
		{BB87E091-C16F-4DFB-9BF3-B4556A8E4091}.Debug|Any CPU.ActiveCfg = Debug|Any CPU
		{BB87E091-C16F-4DFB-9BF3-B4556A8E4091}.Debug|Any CPU.Build.0 = Debug|Any CPU
		{BB87E091-C16F-4DFB-9BF3-B4556A8E4091}.Release|Any CPU.ActiveCfg = Release|Any CPU
		{BB87E091-C16F-4DFB-9BF3-B4556A8E4091}.Release|Any CPU.Build.0 = Release|Any CPU
		{1544B2DB-3FB2-419D-B552-13AEF6BA23A9}.Debug|Any CPU.ActiveCfg = Debug|Any CPU
		{1544B2DB-3FB2-419D-B552-13AEF6BA23A9}.Debug|Any CPU.Build.0 = Debug|Any CPU
		{1544B2DB-3FB2-419D-B552-13AEF6BA23A9}.Release|Any CPU.ActiveCfg = Release|Any CPU
		{1544B2DB-3FB2-419D-B552-13AEF6BA23A9}.Release|Any CPU.Build.0 = Release|Any CPU
		{C6A255CF-C2C5-4255-B3B6-1A4E173F4511}.Debug|Any CPU.ActiveCfg = Debug|Any CPU
		{C6A255CF-C2C5-4255-B3B6-1A4E173F4511}.Debug|Any CPU.Build.0 = Debug|Any CPU
		{C6A255CF-C2C5-4255-B3B6-1A4E173F4511}.Release|Any CPU.ActiveCfg = Release|Any CPU
		{C6A255CF-C2C5-4255-B3B6-1A4E173F4511}.Release|Any CPU.Build.0 = Release|Any CPU
		{09C19217-EDE4-4CB1-B484-567A2578C2FE}.Debug|Any CPU.ActiveCfg = Debug|Any CPU
		{09C19217-EDE4-4CB1-B484-567A2578C2FE}.Debug|Any CPU.Build.0 = Debug|Any CPU
		{09C19217-EDE4-4CB1-B484-567A2578C2FE}.Release|Any CPU.ActiveCfg = Release|Any CPU
		{09C19217-EDE4-4CB1-B484-567A2578C2FE}.Release|Any CPU.Build.0 = Release|Any CPU
		{0231D64E-047C-431C-A10B-16518BF75A75}.Debug|Any CPU.ActiveCfg = Debug|Any CPU
		{0231D64E-047C-431C-A10B-16518BF75A75}.Debug|Any CPU.Build.0 = Debug|Any CPU
		{0231D64E-047C-431C-A10B-16518BF75A75}.Release|Any CPU.ActiveCfg = Release|Any CPU
		{0231D64E-047C-431C-A10B-16518BF75A75}.Release|Any CPU.Build.0 = Release|Any CPU
		{C1DC35D7-F30F-4E33-9C48-74C1BEE9A227}.Debug|Any CPU.ActiveCfg = Debug|Any CPU
		{C1DC35D7-F30F-4E33-9C48-74C1BEE9A227}.Debug|Any CPU.Build.0 = Debug|Any CPU
		{C1DC35D7-F30F-4E33-9C48-74C1BEE9A227}.Release|Any CPU.ActiveCfg = Release|Any CPU
		{C1DC35D7-F30F-4E33-9C48-74C1BEE9A227}.Release|Any CPU.Build.0 = Release|Any CPU
		{9A6A36F4-BEEE-4BBE-8B55-FA372C75544F}.Debug|Any CPU.ActiveCfg = Debug|Any CPU
		{9A6A36F4-BEEE-4BBE-8B55-FA372C75544F}.Debug|Any CPU.Build.0 = Debug|Any CPU
		{9A6A36F4-BEEE-4BBE-8B55-FA372C75544F}.Release|Any CPU.ActiveCfg = Release|Any CPU
		{9A6A36F4-BEEE-4BBE-8B55-FA372C75544F}.Release|Any CPU.Build.0 = Release|Any CPU
		{EDC80897-9910-4435-BBFB-D0315504DC4A}.Debug|Any CPU.ActiveCfg = Debug|Any CPU
		{EDC80897-9910-4435-BBFB-D0315504DC4A}.Debug|Any CPU.Build.0 = Debug|Any CPU
		{EDC80897-9910-4435-BBFB-D0315504DC4A}.Release|Any CPU.ActiveCfg = Release|Any CPU
		{EDC80897-9910-4435-BBFB-D0315504DC4A}.Release|Any CPU.Build.0 = Release|Any CPU
		{A329B74A-F520-4DBB-B3E6-FD8E31A98311}.Debug|Any CPU.ActiveCfg = Debug|Any CPU
		{A329B74A-F520-4DBB-B3E6-FD8E31A98311}.Debug|Any CPU.Build.0 = Debug|Any CPU
		{A329B74A-F520-4DBB-B3E6-FD8E31A98311}.Release|Any CPU.ActiveCfg = Release|Any CPU
		{A329B74A-F520-4DBB-B3E6-FD8E31A98311}.Release|Any CPU.Build.0 = Release|Any CPU
		{8EFB3954-348A-4E8C-B591-F9900C4E2BF9}.Debug|Any CPU.ActiveCfg = Debug|Any CPU
		{8EFB3954-348A-4E8C-B591-F9900C4E2BF9}.Debug|Any CPU.Build.0 = Debug|Any CPU
		{8EFB3954-348A-4E8C-B591-F9900C4E2BF9}.Release|Any CPU.ActiveCfg = Release|Any CPU
		{8EFB3954-348A-4E8C-B591-F9900C4E2BF9}.Release|Any CPU.Build.0 = Release|Any CPU
		{08FD29DB-B9AC-442F-9208-8E174594382B}.Debug|Any CPU.ActiveCfg = Debug|Any CPU
		{08FD29DB-B9AC-442F-9208-8E174594382B}.Debug|Any CPU.Build.0 = Debug|Any CPU
		{08FD29DB-B9AC-442F-9208-8E174594382B}.Release|Any CPU.ActiveCfg = Release|Any CPU
		{08FD29DB-B9AC-442F-9208-8E174594382B}.Release|Any CPU.Build.0 = Release|Any CPU
		{AD613F7C-F4E7-4D1F-946B-8F4F7C7E80BA}.Debug|Any CPU.ActiveCfg = Debug|Any CPU
		{AD613F7C-F4E7-4D1F-946B-8F4F7C7E80BA}.Debug|Any CPU.Build.0 = Debug|Any CPU
		{AD613F7C-F4E7-4D1F-946B-8F4F7C7E80BA}.Release|Any CPU.ActiveCfg = Release|Any CPU
		{AD613F7C-F4E7-4D1F-946B-8F4F7C7E80BA}.Release|Any CPU.Build.0 = Release|Any CPU
		{F226C15B-CB41-4435-AB62-33C9AFDB3C7B}.Debug|Any CPU.ActiveCfg = Debug|Any CPU
		{F226C15B-CB41-4435-AB62-33C9AFDB3C7B}.Debug|Any CPU.Build.0 = Debug|Any CPU
		{F226C15B-CB41-4435-AB62-33C9AFDB3C7B}.Release|Any CPU.ActiveCfg = Release|Any CPU
		{F226C15B-CB41-4435-AB62-33C9AFDB3C7B}.Release|Any CPU.Build.0 = Release|Any CPU
		{338E4EA9-AC50-4CCB-B508-13504E3C6860}.Debug|Any CPU.ActiveCfg = Debug|Any CPU
		{338E4EA9-AC50-4CCB-B508-13504E3C6860}.Debug|Any CPU.Build.0 = Debug|Any CPU
		{338E4EA9-AC50-4CCB-B508-13504E3C6860}.Release|Any CPU.ActiveCfg = Release|Any CPU
		{338E4EA9-AC50-4CCB-B508-13504E3C6860}.Release|Any CPU.Build.0 = Release|Any CPU
		{89763E6D-4659-4D83-A424-1336CC01AE21}.Debug|Any CPU.ActiveCfg = Debug|Any CPU
		{89763E6D-4659-4D83-A424-1336CC01AE21}.Debug|Any CPU.Build.0 = Debug|Any CPU
		{89763E6D-4659-4D83-A424-1336CC01AE21}.Release|Any CPU.ActiveCfg = Release|Any CPU
		{89763E6D-4659-4D83-A424-1336CC01AE21}.Release|Any CPU.Build.0 = Release|Any CPU
		{CD7023FA-F5A2-4C60-ABB3-F8708559FAE3}.Debug|Any CPU.ActiveCfg = Debug|Any CPU
		{CD7023FA-F5A2-4C60-ABB3-F8708559FAE3}.Debug|Any CPU.Build.0 = Debug|Any CPU
		{CD7023FA-F5A2-4C60-ABB3-F8708559FAE3}.Release|Any CPU.ActiveCfg = Release|Any CPU
		{CD7023FA-F5A2-4C60-ABB3-F8708559FAE3}.Release|Any CPU.Build.0 = Release|Any CPU
		{DD45806E-D7D0-467A-A3D9-3C84FDE39E2F}.Debug|Any CPU.ActiveCfg = Debug|Any CPU
		{DD45806E-D7D0-467A-A3D9-3C84FDE39E2F}.Debug|Any CPU.Build.0 = Debug|Any CPU
		{DD45806E-D7D0-467A-A3D9-3C84FDE39E2F}.Release|Any CPU.ActiveCfg = Release|Any CPU
		{DD45806E-D7D0-467A-A3D9-3C84FDE39E2F}.Release|Any CPU.Build.0 = Release|Any CPU
		{EA73343E-0F33-4919-A72D-C48AF1932241}.Debug|Any CPU.ActiveCfg = Debug|Any CPU
		{EA73343E-0F33-4919-A72D-C48AF1932241}.Debug|Any CPU.Build.0 = Debug|Any CPU
		{EA73343E-0F33-4919-A72D-C48AF1932241}.Release|Any CPU.ActiveCfg = Release|Any CPU
		{EA73343E-0F33-4919-A72D-C48AF1932241}.Release|Any CPU.Build.0 = Release|Any CPU
		{073ACABC-3F94-4D79-986A-00239D6AD63C}.Debug|Any CPU.ActiveCfg = Debug|Any CPU
		{073ACABC-3F94-4D79-986A-00239D6AD63C}.Debug|Any CPU.Build.0 = Debug|Any CPU
		{073ACABC-3F94-4D79-986A-00239D6AD63C}.Release|Any CPU.ActiveCfg = Release|Any CPU
		{073ACABC-3F94-4D79-986A-00239D6AD63C}.Release|Any CPU.Build.0 = Release|Any CPU
		{74365D7C-8A00-43CF-B83C-7BE75E49FE54}.Debug|Any CPU.ActiveCfg = Debug|Any CPU
		{74365D7C-8A00-43CF-B83C-7BE75E49FE54}.Debug|Any CPU.Build.0 = Debug|Any CPU
		{74365D7C-8A00-43CF-B83C-7BE75E49FE54}.Release|Any CPU.ActiveCfg = Release|Any CPU
		{74365D7C-8A00-43CF-B83C-7BE75E49FE54}.Release|Any CPU.Build.0 = Release|Any CPU
		{07DBF868-CE2C-4D0F-B7DA-2B2403697060}.Debug|Any CPU.ActiveCfg = Debug|Any CPU
		{07DBF868-CE2C-4D0F-B7DA-2B2403697060}.Debug|Any CPU.Build.0 = Debug|Any CPU
		{07DBF868-CE2C-4D0F-B7DA-2B2403697060}.Release|Any CPU.ActiveCfg = Release|Any CPU
		{07DBF868-CE2C-4D0F-B7DA-2B2403697060}.Release|Any CPU.Build.0 = Release|Any CPU
	EndGlobalSection
	GlobalSection(SolutionProperties) = preSolution
		HideSolutionNode = FALSE
	EndGlobalSection
	GlobalSection(NestedProjects) = preSolution
		{D820F705-3F36-45C5-B7EA-FEAEDB689742} = {1CD69608-98B0-4166-985B-65F955B0A0F4}
		{BD76E8D9-4CEB-4E65-A441-1BADE6E147C9} = {1CD69608-98B0-4166-985B-65F955B0A0F4}
		{9C284A07-83DC-4FFA-B99F-F6F0D7FB2F31} = {1CD69608-98B0-4166-985B-65F955B0A0F4}
		{5C003068-44FB-420E-B2EC-664D3284AFE6} = {4D18DB12-FC34-4A5F-906B-9458EBE5142A}
		{466EF0A9-28A3-4D9A-A2E0-3103EE81DE4B} = {1CD69608-98B0-4166-985B-65F955B0A0F4}
		{48E4AA6E-30F7-4E8C-AB96-0446C239CFCF} = {1CD69608-98B0-4166-985B-65F955B0A0F4}
		{31043428-F10A-4529-9CF7-532279D5B877} = {1CD69608-98B0-4166-985B-65F955B0A0F4}
		{88E8F7B6-B3DE-47F4-8901-B4B48205CB47} = {1CD69608-98B0-4166-985B-65F955B0A0F4}
		{458CE6DE-751D-43D8-987D-3A166264DDCB} = {1CD69608-98B0-4166-985B-65F955B0A0F4}
		{8932084D-C0BD-4D30-B0DF-3EA584E9B071} = {1CD69608-98B0-4166-985B-65F955B0A0F4}
		{BB87E091-C16F-4DFB-9BF3-B4556A8E4091} = {1CD69608-98B0-4166-985B-65F955B0A0F4}
		{1544B2DB-3FB2-419D-B552-13AEF6BA23A9} = {1CD69608-98B0-4166-985B-65F955B0A0F4}
		{C6A255CF-C2C5-4255-B3B6-1A4E173F4511} = {1CD69608-98B0-4166-985B-65F955B0A0F4}
		{09C19217-EDE4-4CB1-B484-567A2578C2FE} = {1CD69608-98B0-4166-985B-65F955B0A0F4}
		{0231D64E-047C-431C-A10B-16518BF75A75} = {1CD69608-98B0-4166-985B-65F955B0A0F4}
		{C1DC35D7-F30F-4E33-9C48-74C1BEE9A227} = {1CD69608-98B0-4166-985B-65F955B0A0F4}
		{9A6A36F4-BEEE-4BBE-8B55-FA372C75544F} = {1CD69608-98B0-4166-985B-65F955B0A0F4}
		{C2689524-EE1E-4A7D-9A40-7E6CB2799E4A} = {6D842C29-A14A-4394-B496-EC4EB172B52F}
		{EDC80897-9910-4435-BBFB-D0315504DC4A} = {C2689524-EE1E-4A7D-9A40-7E6CB2799E4A}
		{A329B74A-F520-4DBB-B3E6-FD8E31A98311} = {C2689524-EE1E-4A7D-9A40-7E6CB2799E4A}
		{8EFB3954-348A-4E8C-B591-F9900C4E2BF9} = {C2689524-EE1E-4A7D-9A40-7E6CB2799E4A}
		{08FD29DB-B9AC-442F-9208-8E174594382B} = {C2689524-EE1E-4A7D-9A40-7E6CB2799E4A}
		{AD613F7C-F4E7-4D1F-946B-8F4F7C7E80BA} = {1CD69608-98B0-4166-985B-65F955B0A0F4}
		{F226C15B-CB41-4435-AB62-33C9AFDB3C7B} = {1CD69608-98B0-4166-985B-65F955B0A0F4}
		{338E4EA9-AC50-4CCB-B508-13504E3C6860} = {1CD69608-98B0-4166-985B-65F955B0A0F4}
		{89763E6D-4659-4D83-A424-1336CC01AE21} = {1CD69608-98B0-4166-985B-65F955B0A0F4}
		{CD7023FA-F5A2-4C60-ABB3-F8708559FAE3} = {1CD69608-98B0-4166-985B-65F955B0A0F4}
		{DD45806E-D7D0-467A-A3D9-3C84FDE39E2F} = {1CD69608-98B0-4166-985B-65F955B0A0F4}
		{EA73343E-0F33-4919-A72D-C48AF1932241} = {1CD69608-98B0-4166-985B-65F955B0A0F4}
		{073ACABC-3F94-4D79-986A-00239D6AD63C} = {1CD69608-98B0-4166-985B-65F955B0A0F4}
		{74365D7C-8A00-43CF-B83C-7BE75E49FE54} = {1CD69608-98B0-4166-985B-65F955B0A0F4}
		{07DBF868-CE2C-4D0F-B7DA-2B2403697060} = {C2689524-EE1E-4A7D-9A40-7E6CB2799E4A}
	EndGlobalSection
	GlobalSection(ExtensibilityGlobals) = postSolution
		SolutionGuid = {E51A85F0-D99B-46BB-8B4B-35FBDA1C05DF}
	EndGlobalSection
EndGlobal
