
Microsoft Visual Studio Solution File, Format Version 12.00
# Visual Studio Version 17
VisualStudioVersion = 17.0.32112.339
MinimumVisualStudioVersion = 10.0.40219.1
Project("{2150E333-8FDC-42A3-9474-1A3956D46DE8}") = "CONSOLE", "CONSOLE", "{1CD69608-98B0-4166-985B-65F955B0A0F4}"
EndProject
Project("{2150E333-8FDC-42A3-9474-1A3956D46DE8}") = "WINFORM", "WINFORM", "{3DF8DA28-4B0E-4CB5-8D86-AC989E124A35}"
EndProject
Project("{FAE04EC0-301F-11D3-BF4B-00C04F79EFBC}") = "1-Console-WriteLine", "1-Console-WriteLine\1-Console-WriteLine.csproj", "{D820F705-3F36-45C5-B7EA-FEAEDB689742}"
EndProject
Project("{FAE04EC0-301F-11D3-BF4B-00C04F79EFBC}") = "2-Degiskenler-VeriTipleri", "2-Degiskenler-VeriTipleri\2-Degiskenler-VeriTipleri.csproj", "{BD76E8D9-4CEB-4E65-A441-1BADE6E147C9}"
EndProject
Project("{FAE04EC0-301F-11D3-BF4B-00C04F79EFBC}") = "3-Operatorler", "3-Operatorler\3-Operatorler.csproj", "{9C284A07-83DC-4FFA-B99F-F6F0D7FB2F31}"
EndProject
Project("{2150E333-8FDC-42A3-9474-1A3956D46DE8}") = "SAMPLES", "SAMPLES", "{4D18DB12-FC34-4A5F-906B-9458EBE5142A}"
EndProject
Project("{FAE04EC0-301F-11D3-BF4B-00C04F79EFBC}") = "BAKLAVA_DILIMI", "BAKLAVA_DILIMI\BAKLAVA_DILIMI.csproj", "{5C003068-44FB-420E-B2EC-664D3284AFE6}"
EndProject
Project("{FAE04EC0-301F-11D3-BF4B-00C04F79EFBC}") = "4-Tip-Donusumleri", "4-Tip-Donusumleri\4-Tip-Donusumleri.csproj", "{466EF0A9-28A3-4D9A-A2E0-3103EE81DE4B}"
EndProject
Project("{FAE04EC0-301F-11D3-BF4B-00C04F79EFBC}") = "5-Try-Catch-Exception", "5-Try-Catch-Exception\5-Try-Catch-Exception.csproj", "{48E4AA6E-30F7-4E8C-AB96-0446C239CFCF}"
EndProject
Global
	GlobalSection(SolutionConfigurationPlatforms) = preSolution
		Debug|Any CPU = Debug|Any CPU
		Release|Any CPU = Release|Any CPU
	EndGlobalSection
	GlobalSection(ProjectConfigurationPlatforms) = postSolution
		{D820F705-3F36-45C5-B7EA-FEAEDB689742}.Debug|Any CPU.ActiveCfg = Debug|Any CPU
		{D820F705-3F36-45C5-B7EA-FEAEDB689742}.Debug|Any CPU.Build.0 = Debug|Any CPU
		{D820F705-3F36-45C5-B7EA-FEAEDB689742}.Release|Any CPU.ActiveCfg = Release|Any CPU
		{D820F705-3F36-45C5-B7EA-FEAEDB689742}.Release|Any CPU.Build.0 = Release|Any CPU
		{BD76E8D9-4CEB-4E65-A441-1BADE6E147C9}.Debug|Any CPU.ActiveCfg = Debug|Any CPU
		{BD76E8D9-4CEB-4E65-A441-1BADE6E147C9}.Debug|Any CPU.Build.0 = Debug|Any CPU
		{BD76E8D9-4CEB-4E65-A441-1BADE6E147C9}.Release|Any CPU.ActiveCfg = Release|Any CPU
		{BD76E8D9-4CEB-4E65-A441-1BADE6E147C9}.Release|Any CPU.Build.0 = Release|Any CPU
		{9C284A07-83DC-4FFA-B99F-F6F0D7FB2F31}.Debug|Any CPU.ActiveCfg = Debug|Any CPU
		{9C284A07-83DC-4FFA-B99F-F6F0D7FB2F31}.Debug|Any CPU.Build.0 = Debug|Any CPU
		{9C284A07-83DC-4FFA-B99F-F6F0D7FB2F31}.Release|Any CPU.ActiveCfg = Release|Any CPU
		{9C284A07-83DC-4FFA-B99F-F6F0D7FB2F31}.Release|Any CPU.Build.0 = Release|Any CPU
		{5C003068-44FB-420E-B2EC-664D3284AFE6}.Debug|Any CPU.ActiveCfg = Debug|Any CPU
		{5C003068-44FB-420E-B2EC-664D3284AFE6}.Debug|Any CPU.Build.0 = Debug|Any CPU
		{5C003068-44FB-420E-B2EC-664D3284AFE6}.Release|Any CPU.ActiveCfg = Release|Any CPU
		{5C003068-44FB-420E-B2EC-664D3284AFE6}.Release|Any CPU.Build.0 = Release|Any CPU
		{466EF0A9-28A3-4D9A-A2E0-3103EE81DE4B}.Debug|Any CPU.ActiveCfg = Debug|Any CPU
		{466EF0A9-28A3-4D9A-A2E0-3103EE81DE4B}.Debug|Any CPU.Build.0 = Debug|Any CPU
		{466EF0A9-28A3-4D9A-A2E0-3103EE81DE4B}.Release|Any CPU.ActiveCfg = Release|Any CPU
		{466EF0A9-28A3-4D9A-A2E0-3103EE81DE4B}.Release|Any CPU.Build.0 = Release|Any CPU
		{48E4AA6E-30F7-4E8C-AB96-0446C239CFCF}.Debug|Any CPU.ActiveCfg = Debug|Any CPU
		{48E4AA6E-30F7-4E8C-AB96-0446C239CFCF}.Debug|Any CPU.Build.0 = Debug|Any CPU
		{48E4AA6E-30F7-4E8C-AB96-0446C239CFCF}.Release|Any CPU.ActiveCfg = Release|Any CPU
		{48E4AA6E-30F7-4E8C-AB96-0446C239CFCF}.Release|Any CPU.Build.0 = Release|Any CPU
	EndGlobalSection
	GlobalSection(SolutionProperties) = preSolution
		HideSolutionNode = FALSE
	EndGlobalSection
	GlobalSection(NestedProjects) = preSolution
		{D820F705-3F36-45C5-B7EA-FEAEDB689742} = {1CD69608-98B0-4166-985B-65F955B0A0F4}
		{BD76E8D9-4CEB-4E65-A441-1BADE6E147C9} = {1CD69608-98B0-4166-985B-65F955B0A0F4}
		{9C284A07-83DC-4FFA-B99F-F6F0D7FB2F31} = {1CD69608-98B0-4166-985B-65F955B0A0F4}
		{5C003068-44FB-420E-B2EC-664D3284AFE6} = {4D18DB12-FC34-4A5F-906B-9458EBE5142A}
		{466EF0A9-28A3-4D9A-A2E0-3103EE81DE4B} = {1CD69608-98B0-4166-985B-65F955B0A0F4}
		{48E4AA6E-30F7-4E8C-AB96-0446C239CFCF} = {1CD69608-98B0-4166-985B-65F955B0A0F4}
	EndGlobalSection
	GlobalSection(ExtensibilityGlobals) = postSolution
		SolutionGuid = {E51A85F0-D99B-46BB-8B4B-35FBDA1C05DF}
	EndGlobalSection
EndGlobal
